
Microsoft Visual Studio Solution File, Format Version 12.00
# Visual Studio Version 17
VisualStudioVersion = 17.2.32630.192
MinimumVisualStudioVersion = 10.0.40219.1
Project("{9A19103F-16F7-4668-BE54-9A1E7A4F7556}") = "StringExtension", "StringExtension.csproj", "{2A376146-76BC-445E-BA8E-CC59ABF6827B}"
EndProject
Project("{9A19103F-16F7-4668-BE54-9A1E7A4F7556}") = "TestNuget", "..\TestNuget\TestNuget.csproj", "{90B5330E-D725-48AC-A3DB-ADE1329234A0}"
EndProject
Project("{FAE04EC0-301F-11D3-BF4B-00C04F79EFBC}") = "TestNexus", "..\TestNexus\TestNexus.csproj", "{8289C211-BF6C-4D79-AEBE-481CD42ABF50}"
EndProject
Global
	GlobalSection(SolutionConfigurationPlatforms) = preSolution
		Debug|Any CPU = Debug|Any CPU
		Release|Any CPU = Release|Any CPU
	EndGlobalSection
	GlobalSection(ProjectConfigurationPlatforms) = postSolution
		{2A376146-76BC-445E-BA8E-CC59ABF6827B}.Debug|Any CPU.ActiveCfg = Debug|Any CPU
		{2A376146-76BC-445E-BA8E-CC59ABF6827B}.Debug|Any CPU.Build.0 = Debug|Any CPU
		{2A376146-76BC-445E-BA8E-CC59ABF6827B}.Release|Any CPU.ActiveCfg = Release|Any CPU
		{2A376146-76BC-445E-BA8E-CC59ABF6827B}.Release|Any CPU.Build.0 = Release|Any CPU
		{90B5330E-D725-48AC-A3DB-ADE1329234A0}.Debug|Any CPU.ActiveCfg = Debug|Any CPU
		{90B5330E-D725-48AC-A3DB-ADE1329234A0}.Debug|Any CPU.Build.0 = Debug|Any CPU
		{90B5330E-D725-48AC-A3DB-ADE1329234A0}.Release|Any CPU.ActiveCfg = Release|Any CPU
		{90B5330E-D725-48AC-A3DB-ADE1329234A0}.Release|Any CPU.Build.0 = Release|Any CPU
		{8289C211-BF6C-4D79-AEBE-481CD42ABF50}.Debug|Any CPU.ActiveCfg = Debug|Any CPU
		{8289C211-BF6C-4D79-AEBE-481CD42ABF50}.Debug|Any CPU.Build.0 = Debug|Any CPU
		{8289C211-BF6C-4D79-AEBE-481CD42ABF50}.Release|Any CPU.ActiveCfg = Release|Any CPU
		{8289C211-BF6C-4D79-AEBE-481CD42ABF50}.Release|Any CPU.Build.0 = Release|Any CPU
	EndGlobalSection
	GlobalSection(SolutionProperties) = preSolution
		HideSolutionNode = FALSE
	EndGlobalSection
	GlobalSection(ExtensibilityGlobals) = postSolution
		SolutionGuid = {9D3F1346-E171-431E-BB5D-5D6BFED9CE8F}
	EndGlobalSection
EndGlobal
